
Microsoft Visual Studio Solution File, Format Version 11.00
# Visual Studio 2010
Project("{FAE04EC0-301F-11D3-BF4B-00C04F79EFBC}") = "SamplePublisher", "SamplePublisher\SamplePublisher.csproj", "{CB361C42-BD99-4EDF-9360-8D932AB3F0F1}"
EndProject
Project("{FAE04EC0-301F-11D3-BF4B-00C04F79EFBC}") = "Topshelf.Services.AcceptanceTests", "Topshelf.Services.AcceptanceTests\Topshelf.Services.AcceptanceTests.csproj", "{4C858208-3CAE-4758-AE0E-084176C125FB}"
EndProject
Project("{2150E333-8FDC-42A3-9474-1A3956D46DE8}") = "Solution Items", "Solution Items", "{C3684C90-CF82-49A8-94F2-7DD916356989}"
	ProjectSection(SolutionItems) = preProject
		Local.testsettings = Local.testsettings
		Services.vsmdi = Services.vsmdi
		TraceAndTestImpact.testsettings = TraceAndTestImpact.testsettings
	EndProjectSection
EndProject
Project("{FAE04EC0-301F-11D3-BF4B-00C04F79EFBC}") = "Topshelf.Services.Events.Common", "Topshelf.Services.Events.Common\Topshelf.Services.Events.Common.csproj", "{3318342E-F164-4172-A0E4-5443D16C98B7}"
EndProject
Project("{FAE04EC0-301F-11D3-BF4B-00C04F79EFBC}") = "Topshelf.Services.Events.Client", "Topshelf.Services.Events.Client\Topshelf.Services.Events.Client.csproj", "{E50888C7-FC97-4066-9346-4135F1BCB86E}"
EndProject
Project("{FAE04EC0-301F-11D3-BF4B-00C04F79EFBC}") = "Topshelf.Services.Events.Agent", "Topshelf.Services.Events.Agent\Topshelf.Services.Events.Agent.csproj", "{3E767C4F-0C00-4F73-B9DB-8002EFD2F9E5}"
EndProject
Project("{FAE04EC0-301F-11D3-BF4B-00C04F79EFBC}") = "SampleEvents", "SampleEvents\SampleEvents.csproj", "{C7B24C10-1DC8-4BD4-AD9B-A73B6B4426EF}"
EndProject
Project("{FAE04EC0-301F-11D3-BF4B-00C04F79EFBC}") = "Topshelf.Services.Common", "Topshelf.Services.Common\Topshelf.Services.Common.csproj", "{175CCC67-AAD1-49E7-8313-5ED853573BD0}"
EndProject
Project("{FAE04EC0-301F-11D3-BF4B-00C04F79EFBC}") = "Topshelf.Services.Daemon", "Topshelf.Daemon\Topshelf.Services.Daemon.csproj", "{BD2A6467-CBAB-490C-9920-14FA76E8DAE6}"
EndProject
Project("{FAE04EC0-301F-11D3-BF4B-00C04F79EFBC}") = "Topshelf.Services.EventsAggregation", "Topshelf.Services.Events.Prism\Topshelf.Services.EventsAggregation.csproj", "{8409E0A7-C51A-4B98-81E7-03B34419FDBB}"
EndProject
Project("{FAE04EC0-301F-11D3-BF4B-00C04F79EFBC}") = "SampleEvent1Subscriber", "SampleEvent1Subscriber\SampleEvent1Subscriber.csproj", "{FCEE531A-FABF-4F91-92C9-9BDE4931F14E}"
EndProject
Project("{FAE04EC0-301F-11D3-BF4B-00C04F79EFBC}") = "SampleEvent2Subscriber", "SampleEvent2Subscriber\SampleEvent2Subscriber.csproj", "{FC4CE657-A4D9-4350-8ABC-CC802AB0D2DC}"
EndProject
Project("{2150E333-8FDC-42A3-9474-1A3956D46DE8}") = "Sample", "Sample", "{E99A92D6-BE4F-4F3F-A143-89F42AB73919}"
EndProject
Project("{2150E333-8FDC-42A3-9474-1A3956D46DE8}") = "Tests", "Tests", "{D6C80CA0-BA9F-40CF-8910-4A3867F39E96}"
EndProject
Project("{FAE04EC0-301F-11D3-BF4B-00C04F79EFBC}") = "Topshelf.Services.UnitTest", "Topshelf.Services.UnitTest\Topshelf.Services.UnitTest.csproj", "{081AAFA1-4179-4014-8AD2-DDAEDD940EB7}"
EndProject
Project("{FAE04EC0-301F-11D3-BF4B-00C04F79EFBC}") = "SampleHost", "SampleHost\SampleHost.csproj", "{6A2C905D-9B60-4702-9ACA-B2EC63717385}"
EndProject
Project("{FAE04EC0-301F-11D3-BF4B-00C04F79EFBC}") = "ServiceModelEx", "..\Libraries\ServiceModelEx\ServiceModelEx.csproj", "{0858C710-AF53-4049-B98E-CFE3638D1228}"
EndProject
Project("{FAE04EC0-301F-11D3-BF4B-00C04F79EFBC}") = "SampleValidService.Agent", "SampleValidService.Agent\SampleValidService.Agent.csproj", "{BD20C610-01DD-48EC-96F4-5A3A1A1E688E}"
EndProject
Project("{FAE04EC0-301F-11D3-BF4B-00C04F79EFBC}") = "SampleValidService.Common", "SampleValidService.Common\SampleValidService.Common.csproj", "{FC40F14F-8090-4A18-8F4B-E5EFF2F84FD1}"
EndProject
Project("{FAE04EC0-301F-11D3-BF4B-00C04F79EFBC}") = "SampleValidService.Client", "SampleValidService.Client\SampleValidService.Client.csproj", "{E07FF00A-1320-4FE9-8BB6-090557CD78C0}"
EndProject
Project("{FAE04EC0-301F-11D3-BF4B-00C04F79EFBC}") = "Topshelf.Services.Core", "Topshelf.Services.Core\Topshelf.Services.Core.csproj", "{C20DD05D-38FE-40E2-BA82-1EA59B7E5381}"
EndProject
Project("{2150E333-8FDC-42A3-9474-1A3956D46DE8}") = "Authentication", "Authentication", "{ECE2C1F6-F48D-4715-B858-D7EA3BAD26E2}"
EndProject
Project("{FAE04EC0-301F-11D3-BF4B-00C04F79EFBC}") = "Topshelf.Services.Authentication.Common", "Topshelf.Authentication.Common\Topshelf.Services.Authentication.Common.csproj", "{2E83FB7A-F7DD-4B5E-87FF-1CB3AE7CE843}"
EndProject
Project("{FAE04EC0-301F-11D3-BF4B-00C04F79EFBC}") = "Topshelf.Services.Authentication.Client", "Topshelf.Authentication.Client\Topshelf.Services.Authentication.Client.csproj", "{F6A1097A-8BC0-4FB3-95A8-E49AF630A6FB}"
EndProject
Project("{2150E333-8FDC-42A3-9474-1A3956D46DE8}") = "Events", "Events", "{F57D3801-2CB9-4362-B498-BE291A807123}"
EndProject
Global
	GlobalSection(TestCaseManagementSettings) = postSolution
		CategoryFile = Services.vsmdi
	EndGlobalSection
	GlobalSection(SolutionConfigurationPlatforms) = preSolution
		Debug|Any CPU = Debug|Any CPU
		Debug|Mixed Platforms = Debug|Mixed Platforms
		Debug|x86 = Debug|x86
		Design|Any CPU = Design|Any CPU
		Design|Mixed Platforms = Design|Mixed Platforms
		Design|x86 = Design|x86
		Release|Any CPU = Release|Any CPU
		Release|Mixed Platforms = Release|Mixed Platforms
		Release|x86 = Release|x86
	EndGlobalSection
	GlobalSection(ProjectConfigurationPlatforms) = postSolution
		{CB361C42-BD99-4EDF-9360-8D932AB3F0F1}.Debug|Any CPU.ActiveCfg = Debug|x86
		{CB361C42-BD99-4EDF-9360-8D932AB3F0F1}.Debug|Mixed Platforms.ActiveCfg = Debug|x86
		{CB361C42-BD99-4EDF-9360-8D932AB3F0F1}.Debug|Mixed Platforms.Build.0 = Debug|x86
		{CB361C42-BD99-4EDF-9360-8D932AB3F0F1}.Debug|x86.ActiveCfg = Debug|x86
		{CB361C42-BD99-4EDF-9360-8D932AB3F0F1}.Debug|x86.Build.0 = Debug|x86
		{CB361C42-BD99-4EDF-9360-8D932AB3F0F1}.Design|Any CPU.ActiveCfg = Debug|x86
		{CB361C42-BD99-4EDF-9360-8D932AB3F0F1}.Design|Mixed Platforms.ActiveCfg = Debug|x86
		{CB361C42-BD99-4EDF-9360-8D932AB3F0F1}.Design|Mixed Platforms.Build.0 = Debug|x86
		{CB361C42-BD99-4EDF-9360-8D932AB3F0F1}.Design|x86.ActiveCfg = Debug|x86
		{CB361C42-BD99-4EDF-9360-8D932AB3F0F1}.Design|x86.Build.0 = Debug|x86
		{CB361C42-BD99-4EDF-9360-8D932AB3F0F1}.Release|Any CPU.ActiveCfg = Release|x86
		{CB361C42-BD99-4EDF-9360-8D932AB3F0F1}.Release|Mixed Platforms.ActiveCfg = Release|x86
		{CB361C42-BD99-4EDF-9360-8D932AB3F0F1}.Release|Mixed Platforms.Build.0 = Release|x86
		{CB361C42-BD99-4EDF-9360-8D932AB3F0F1}.Release|x86.ActiveCfg = Release|x86
		{CB361C42-BD99-4EDF-9360-8D932AB3F0F1}.Release|x86.Build.0 = Release|x86
		{4C858208-3CAE-4758-AE0E-084176C125FB}.Debug|Any CPU.ActiveCfg = Debug|Any CPU
		{4C858208-3CAE-4758-AE0E-084176C125FB}.Debug|Any CPU.Build.0 = Debug|Any CPU
		{4C858208-3CAE-4758-AE0E-084176C125FB}.Debug|Mixed Platforms.ActiveCfg = Debug|Any CPU
		{4C858208-3CAE-4758-AE0E-084176C125FB}.Debug|Mixed Platforms.Build.0 = Debug|Any CPU
		{4C858208-3CAE-4758-AE0E-084176C125FB}.Debug|x86.ActiveCfg = Debug|Any CPU
		{4C858208-3CAE-4758-AE0E-084176C125FB}.Design|Any CPU.ActiveCfg = Debug|Any CPU
		{4C858208-3CAE-4758-AE0E-084176C125FB}.Design|Any CPU.Build.0 = Debug|Any CPU
		{4C858208-3CAE-4758-AE0E-084176C125FB}.Design|Mixed Platforms.ActiveCfg = Debug|Any CPU
		{4C858208-3CAE-4758-AE0E-084176C125FB}.Design|Mixed Platforms.Build.0 = Debug|Any CPU
		{4C858208-3CAE-4758-AE0E-084176C125FB}.Design|x86.ActiveCfg = Debug|Any CPU
		{4C858208-3CAE-4758-AE0E-084176C125FB}.Release|Any CPU.ActiveCfg = Release|Any CPU
		{4C858208-3CAE-4758-AE0E-084176C125FB}.Release|Any CPU.Build.0 = Release|Any CPU
		{4C858208-3CAE-4758-AE0E-084176C125FB}.Release|Mixed Platforms.ActiveCfg = Release|Any CPU
		{4C858208-3CAE-4758-AE0E-084176C125FB}.Release|Mixed Platforms.Build.0 = Release|Any CPU
		{4C858208-3CAE-4758-AE0E-084176C125FB}.Release|x86.ActiveCfg = Release|Any CPU
		{3318342E-F164-4172-A0E4-5443D16C98B7}.Debug|Any CPU.ActiveCfg = Debug|Any CPU
		{3318342E-F164-4172-A0E4-5443D16C98B7}.Debug|Any CPU.Build.0 = Debug|Any CPU
		{3318342E-F164-4172-A0E4-5443D16C98B7}.Debug|Mixed Platforms.ActiveCfg = Debug|Any CPU
		{3318342E-F164-4172-A0E4-5443D16C98B7}.Debug|Mixed Platforms.Build.0 = Debug|Any CPU
		{3318342E-F164-4172-A0E4-5443D16C98B7}.Debug|x86.ActiveCfg = Debug|Any CPU
		{3318342E-F164-4172-A0E4-5443D16C98B7}.Design|Any CPU.ActiveCfg = Debug|Any CPU
		{3318342E-F164-4172-A0E4-5443D16C98B7}.Design|Any CPU.Build.0 = Debug|Any CPU
		{3318342E-F164-4172-A0E4-5443D16C98B7}.Design|Mixed Platforms.ActiveCfg = Debug|Any CPU
		{3318342E-F164-4172-A0E4-5443D16C98B7}.Design|Mixed Platforms.Build.0 = Debug|Any CPU
		{3318342E-F164-4172-A0E4-5443D16C98B7}.Design|x86.ActiveCfg = Debug|Any CPU
		{3318342E-F164-4172-A0E4-5443D16C98B7}.Release|Any CPU.ActiveCfg = Release|Any CPU
		{3318342E-F164-4172-A0E4-5443D16C98B7}.Release|Any CPU.Build.0 = Release|Any CPU
		{3318342E-F164-4172-A0E4-5443D16C98B7}.Release|Mixed Platforms.ActiveCfg = Release|Any CPU
		{3318342E-F164-4172-A0E4-5443D16C98B7}.Release|Mixed Platforms.Build.0 = Release|Any CPU
		{3318342E-F164-4172-A0E4-5443D16C98B7}.Release|x86.ActiveCfg = Release|Any CPU
		{E50888C7-FC97-4066-9346-4135F1BCB86E}.Debug|Any CPU.ActiveCfg = Debug|Any CPU
		{E50888C7-FC97-4066-9346-4135F1BCB86E}.Debug|Any CPU.Build.0 = Debug|Any CPU
		{E50888C7-FC97-4066-9346-4135F1BCB86E}.Debug|Mixed Platforms.ActiveCfg = Debug|Any CPU
		{E50888C7-FC97-4066-9346-4135F1BCB86E}.Debug|Mixed Platforms.Build.0 = Debug|Any CPU
		{E50888C7-FC97-4066-9346-4135F1BCB86E}.Debug|x86.ActiveCfg = Debug|Any CPU
		{E50888C7-FC97-4066-9346-4135F1BCB86E}.Design|Any CPU.ActiveCfg = Debug|Any CPU
		{E50888C7-FC97-4066-9346-4135F1BCB86E}.Design|Any CPU.Build.0 = Debug|Any CPU
		{E50888C7-FC97-4066-9346-4135F1BCB86E}.Design|Mixed Platforms.ActiveCfg = Debug|Any CPU
		{E50888C7-FC97-4066-9346-4135F1BCB86E}.Design|Mixed Platforms.Build.0 = Debug|Any CPU
		{E50888C7-FC97-4066-9346-4135F1BCB86E}.Design|x86.ActiveCfg = Debug|Any CPU
		{E50888C7-FC97-4066-9346-4135F1BCB86E}.Release|Any CPU.ActiveCfg = Release|Any CPU
		{E50888C7-FC97-4066-9346-4135F1BCB86E}.Release|Any CPU.Build.0 = Release|Any CPU
		{E50888C7-FC97-4066-9346-4135F1BCB86E}.Release|Mixed Platforms.ActiveCfg = Release|Any CPU
		{E50888C7-FC97-4066-9346-4135F1BCB86E}.Release|Mixed Platforms.Build.0 = Release|Any CPU
		{E50888C7-FC97-4066-9346-4135F1BCB86E}.Release|x86.ActiveCfg = Release|Any CPU
		{3E767C4F-0C00-4F73-B9DB-8002EFD2F9E5}.Debug|Any CPU.ActiveCfg = Debug|Any CPU
		{3E767C4F-0C00-4F73-B9DB-8002EFD2F9E5}.Debug|Any CPU.Build.0 = Debug|Any CPU
		{3E767C4F-0C00-4F73-B9DB-8002EFD2F9E5}.Debug|Mixed Platforms.ActiveCfg = Debug|Any CPU
		{3E767C4F-0C00-4F73-B9DB-8002EFD2F9E5}.Debug|Mixed Platforms.Build.0 = Debug|Any CPU
		{3E767C4F-0C00-4F73-B9DB-8002EFD2F9E5}.Debug|x86.ActiveCfg = Debug|Any CPU
		{3E767C4F-0C00-4F73-B9DB-8002EFD2F9E5}.Design|Any CPU.ActiveCfg = Debug|Any CPU
		{3E767C4F-0C00-4F73-B9DB-8002EFD2F9E5}.Design|Any CPU.Build.0 = Debug|Any CPU
		{3E767C4F-0C00-4F73-B9DB-8002EFD2F9E5}.Design|Mixed Platforms.ActiveCfg = Debug|Any CPU
		{3E767C4F-0C00-4F73-B9DB-8002EFD2F9E5}.Design|Mixed Platforms.Build.0 = Debug|Any CPU
		{3E767C4F-0C00-4F73-B9DB-8002EFD2F9E5}.Design|x86.ActiveCfg = Debug|Any CPU
		{3E767C4F-0C00-4F73-B9DB-8002EFD2F9E5}.Release|Any CPU.ActiveCfg = Release|Any CPU
		{3E767C4F-0C00-4F73-B9DB-8002EFD2F9E5}.Release|Any CPU.Build.0 = Release|Any CPU
		{3E767C4F-0C00-4F73-B9DB-8002EFD2F9E5}.Release|Mixed Platforms.ActiveCfg = Release|Any CPU
		{3E767C4F-0C00-4F73-B9DB-8002EFD2F9E5}.Release|Mixed Platforms.Build.0 = Release|Any CPU
		{3E767C4F-0C00-4F73-B9DB-8002EFD2F9E5}.Release|x86.ActiveCfg = Release|Any CPU
		{C7B24C10-1DC8-4BD4-AD9B-A73B6B4426EF}.Debug|Any CPU.ActiveCfg = Debug|Any CPU
		{C7B24C10-1DC8-4BD4-AD9B-A73B6B4426EF}.Debug|Any CPU.Build.0 = Debug|Any CPU
		{C7B24C10-1DC8-4BD4-AD9B-A73B6B4426EF}.Debug|Mixed Platforms.ActiveCfg = Debug|Any CPU
		{C7B24C10-1DC8-4BD4-AD9B-A73B6B4426EF}.Debug|Mixed Platforms.Build.0 = Debug|Any CPU
		{C7B24C10-1DC8-4BD4-AD9B-A73B6B4426EF}.Debug|x86.ActiveCfg = Debug|Any CPU
		{C7B24C10-1DC8-4BD4-AD9B-A73B6B4426EF}.Design|Any CPU.ActiveCfg = Debug|Any CPU
		{C7B24C10-1DC8-4BD4-AD9B-A73B6B4426EF}.Design|Any CPU.Build.0 = Debug|Any CPU
		{C7B24C10-1DC8-4BD4-AD9B-A73B6B4426EF}.Design|Mixed Platforms.ActiveCfg = Debug|Any CPU
		{C7B24C10-1DC8-4BD4-AD9B-A73B6B4426EF}.Design|Mixed Platforms.Build.0 = Debug|Any CPU
		{C7B24C10-1DC8-4BD4-AD9B-A73B6B4426EF}.Design|x86.ActiveCfg = Debug|Any CPU
		{C7B24C10-1DC8-4BD4-AD9B-A73B6B4426EF}.Release|Any CPU.ActiveCfg = Release|Any CPU
		{C7B24C10-1DC8-4BD4-AD9B-A73B6B4426EF}.Release|Any CPU.Build.0 = Release|Any CPU
		{C7B24C10-1DC8-4BD4-AD9B-A73B6B4426EF}.Release|Mixed Platforms.ActiveCfg = Release|Any CPU
		{C7B24C10-1DC8-4BD4-AD9B-A73B6B4426EF}.Release|Mixed Platforms.Build.0 = Release|Any CPU
		{C7B24C10-1DC8-4BD4-AD9B-A73B6B4426EF}.Release|x86.ActiveCfg = Release|Any CPU
		{175CCC67-AAD1-49E7-8313-5ED853573BD0}.Debug|Any CPU.ActiveCfg = Debug|Any CPU
		{175CCC67-AAD1-49E7-8313-5ED853573BD0}.Debug|Any CPU.Build.0 = Debug|Any CPU
		{175CCC67-AAD1-49E7-8313-5ED853573BD0}.Debug|Mixed Platforms.ActiveCfg = Debug|Any CPU
		{175CCC67-AAD1-49E7-8313-5ED853573BD0}.Debug|Mixed Platforms.Build.0 = Debug|Any CPU
		{175CCC67-AAD1-49E7-8313-5ED853573BD0}.Debug|x86.ActiveCfg = Debug|Any CPU
		{175CCC67-AAD1-49E7-8313-5ED853573BD0}.Design|Any CPU.ActiveCfg = Debug|Any CPU
		{175CCC67-AAD1-49E7-8313-5ED853573BD0}.Design|Any CPU.Build.0 = Debug|Any CPU
		{175CCC67-AAD1-49E7-8313-5ED853573BD0}.Design|Mixed Platforms.ActiveCfg = Debug|Any CPU
		{175CCC67-AAD1-49E7-8313-5ED853573BD0}.Design|Mixed Platforms.Build.0 = Debug|Any CPU
		{175CCC67-AAD1-49E7-8313-5ED853573BD0}.Design|x86.ActiveCfg = Debug|Any CPU
		{175CCC67-AAD1-49E7-8313-5ED853573BD0}.Release|Any CPU.ActiveCfg = Release|Any CPU
		{175CCC67-AAD1-49E7-8313-5ED853573BD0}.Release|Any CPU.Build.0 = Release|Any CPU
		{175CCC67-AAD1-49E7-8313-5ED853573BD0}.Release|Mixed Platforms.ActiveCfg = Release|Any CPU
		{175CCC67-AAD1-49E7-8313-5ED853573BD0}.Release|Mixed Platforms.Build.0 = Release|Any CPU
		{175CCC67-AAD1-49E7-8313-5ED853573BD0}.Release|x86.ActiveCfg = Release|Any CPU
		{BD2A6467-CBAB-490C-9920-14FA76E8DAE6}.Debug|Any CPU.ActiveCfg = Debug|x86
		{BD2A6467-CBAB-490C-9920-14FA76E8DAE6}.Debug|Mixed Platforms.ActiveCfg = Debug|x86
		{BD2A6467-CBAB-490C-9920-14FA76E8DAE6}.Debug|Mixed Platforms.Build.0 = Debug|x86
		{BD2A6467-CBAB-490C-9920-14FA76E8DAE6}.Debug|x86.ActiveCfg = Debug|x86
		{BD2A6467-CBAB-490C-9920-14FA76E8DAE6}.Debug|x86.Build.0 = Debug|x86
		{BD2A6467-CBAB-490C-9920-14FA76E8DAE6}.Design|Any CPU.ActiveCfg = Debug|x86
		{BD2A6467-CBAB-490C-9920-14FA76E8DAE6}.Design|Mixed Platforms.ActiveCfg = Debug|x86
		{BD2A6467-CBAB-490C-9920-14FA76E8DAE6}.Design|Mixed Platforms.Build.0 = Debug|x86
		{BD2A6467-CBAB-490C-9920-14FA76E8DAE6}.Design|x86.ActiveCfg = Debug|x86
		{BD2A6467-CBAB-490C-9920-14FA76E8DAE6}.Design|x86.Build.0 = Debug|x86
		{BD2A6467-CBAB-490C-9920-14FA76E8DAE6}.Release|Any CPU.ActiveCfg = Release|x86
		{BD2A6467-CBAB-490C-9920-14FA76E8DAE6}.Release|Mixed Platforms.ActiveCfg = Release|x86
		{BD2A6467-CBAB-490C-9920-14FA76E8DAE6}.Release|Mixed Platforms.Build.0 = Release|x86
		{BD2A6467-CBAB-490C-9920-14FA76E8DAE6}.Release|x86.ActiveCfg = Release|x86
		{BD2A6467-CBAB-490C-9920-14FA76E8DAE6}.Release|x86.Build.0 = Release|x86
		{8409E0A7-C51A-4B98-81E7-03B34419FDBB}.Debug|Any CPU.ActiveCfg = Debug|Any CPU
		{8409E0A7-C51A-4B98-81E7-03B34419FDBB}.Debug|Any CPU.Build.0 = Debug|Any CPU
		{8409E0A7-C51A-4B98-81E7-03B34419FDBB}.Debug|Mixed Platforms.ActiveCfg = Debug|Any CPU
		{8409E0A7-C51A-4B98-81E7-03B34419FDBB}.Debug|Mixed Platforms.Build.0 = Debug|Any CPU
		{8409E0A7-C51A-4B98-81E7-03B34419FDBB}.Debug|x86.ActiveCfg = Debug|Any CPU
		{8409E0A7-C51A-4B98-81E7-03B34419FDBB}.Design|Any CPU.ActiveCfg = Debug|Any CPU
		{8409E0A7-C51A-4B98-81E7-03B34419FDBB}.Design|Any CPU.Build.0 = Debug|Any CPU
		{8409E0A7-C51A-4B98-81E7-03B34419FDBB}.Design|Mixed Platforms.ActiveCfg = Debug|Any CPU
		{8409E0A7-C51A-4B98-81E7-03B34419FDBB}.Design|Mixed Platforms.Build.0 = Debug|Any CPU
		{8409E0A7-C51A-4B98-81E7-03B34419FDBB}.Design|x86.ActiveCfg = Debug|Any CPU
		{8409E0A7-C51A-4B98-81E7-03B34419FDBB}.Release|Any CPU.ActiveCfg = Release|Any CPU
		{8409E0A7-C51A-4B98-81E7-03B34419FDBB}.Release|Any CPU.Build.0 = Release|Any CPU
		{8409E0A7-C51A-4B98-81E7-03B34419FDBB}.Release|Mixed Platforms.ActiveCfg = Release|Any CPU
		{8409E0A7-C51A-4B98-81E7-03B34419FDBB}.Release|Mixed Platforms.Build.0 = Release|Any CPU
		{8409E0A7-C51A-4B98-81E7-03B34419FDBB}.Release|x86.ActiveCfg = Release|Any CPU
		{FCEE531A-FABF-4F91-92C9-9BDE4931F14E}.Debug|Any CPU.ActiveCfg = Debug|x86
		{FCEE531A-FABF-4F91-92C9-9BDE4931F14E}.Debug|Mixed Platforms.ActiveCfg = Debug|x86
		{FCEE531A-FABF-4F91-92C9-9BDE4931F14E}.Debug|Mixed Platforms.Build.0 = Debug|x86
		{FCEE531A-FABF-4F91-92C9-9BDE4931F14E}.Debug|x86.ActiveCfg = Debug|x86
		{FCEE531A-FABF-4F91-92C9-9BDE4931F14E}.Debug|x86.Build.0 = Debug|x86
		{FCEE531A-FABF-4F91-92C9-9BDE4931F14E}.Design|Any CPU.ActiveCfg = Debug|x86
		{FCEE531A-FABF-4F91-92C9-9BDE4931F14E}.Design|Mixed Platforms.ActiveCfg = Debug|x86
		{FCEE531A-FABF-4F91-92C9-9BDE4931F14E}.Design|Mixed Platforms.Build.0 = Debug|x86
		{FCEE531A-FABF-4F91-92C9-9BDE4931F14E}.Design|x86.ActiveCfg = Debug|x86
		{FCEE531A-FABF-4F91-92C9-9BDE4931F14E}.Design|x86.Build.0 = Debug|x86
		{FCEE531A-FABF-4F91-92C9-9BDE4931F14E}.Release|Any CPU.ActiveCfg = Release|x86
		{FCEE531A-FABF-4F91-92C9-9BDE4931F14E}.Release|Mixed Platforms.ActiveCfg = Release|x86
		{FCEE531A-FABF-4F91-92C9-9BDE4931F14E}.Release|Mixed Platforms.Build.0 = Release|x86
		{FCEE531A-FABF-4F91-92C9-9BDE4931F14E}.Release|x86.ActiveCfg = Release|x86
		{FCEE531A-FABF-4F91-92C9-9BDE4931F14E}.Release|x86.Build.0 = Release|x86
		{FC4CE657-A4D9-4350-8ABC-CC802AB0D2DC}.Debug|Any CPU.ActiveCfg = Debug|x86
		{FC4CE657-A4D9-4350-8ABC-CC802AB0D2DC}.Debug|Mixed Platforms.ActiveCfg = Debug|x86
		{FC4CE657-A4D9-4350-8ABC-CC802AB0D2DC}.Debug|Mixed Platforms.Build.0 = Debug|x86
		{FC4CE657-A4D9-4350-8ABC-CC802AB0D2DC}.Debug|x86.ActiveCfg = Debug|x86
		{FC4CE657-A4D9-4350-8ABC-CC802AB0D2DC}.Debug|x86.Build.0 = Debug|x86
		{FC4CE657-A4D9-4350-8ABC-CC802AB0D2DC}.Design|Any CPU.ActiveCfg = Debug|x86
		{FC4CE657-A4D9-4350-8ABC-CC802AB0D2DC}.Design|Mixed Platforms.ActiveCfg = Debug|x86
		{FC4CE657-A4D9-4350-8ABC-CC802AB0D2DC}.Design|Mixed Platforms.Build.0 = Debug|x86
		{FC4CE657-A4D9-4350-8ABC-CC802AB0D2DC}.Design|x86.ActiveCfg = Debug|x86
		{FC4CE657-A4D9-4350-8ABC-CC802AB0D2DC}.Design|x86.Build.0 = Debug|x86
		{FC4CE657-A4D9-4350-8ABC-CC802AB0D2DC}.Release|Any CPU.ActiveCfg = Release|x86
		{FC4CE657-A4D9-4350-8ABC-CC802AB0D2DC}.Release|Mixed Platforms.ActiveCfg = Release|x86
		{FC4CE657-A4D9-4350-8ABC-CC802AB0D2DC}.Release|Mixed Platforms.Build.0 = Release|x86
		{FC4CE657-A4D9-4350-8ABC-CC802AB0D2DC}.Release|x86.ActiveCfg = Release|x86
		{FC4CE657-A4D9-4350-8ABC-CC802AB0D2DC}.Release|x86.Build.0 = Release|x86
		{081AAFA1-4179-4014-8AD2-DDAEDD940EB7}.Debug|Any CPU.ActiveCfg = Debug|Any CPU
		{081AAFA1-4179-4014-8AD2-DDAEDD940EB7}.Debug|Any CPU.Build.0 = Debug|Any CPU
		{081AAFA1-4179-4014-8AD2-DDAEDD940EB7}.Debug|Mixed Platforms.ActiveCfg = Debug|Any CPU
		{081AAFA1-4179-4014-8AD2-DDAEDD940EB7}.Debug|Mixed Platforms.Build.0 = Debug|Any CPU
		{081AAFA1-4179-4014-8AD2-DDAEDD940EB7}.Debug|x86.ActiveCfg = Debug|Any CPU
		{081AAFA1-4179-4014-8AD2-DDAEDD940EB7}.Design|Any CPU.ActiveCfg = Debug|Any CPU
		{081AAFA1-4179-4014-8AD2-DDAEDD940EB7}.Design|Any CPU.Build.0 = Debug|Any CPU
		{081AAFA1-4179-4014-8AD2-DDAEDD940EB7}.Design|Mixed Platforms.ActiveCfg = Debug|Any CPU
		{081AAFA1-4179-4014-8AD2-DDAEDD940EB7}.Design|Mixed Platforms.Build.0 = Debug|Any CPU
		{081AAFA1-4179-4014-8AD2-DDAEDD940EB7}.Design|x86.ActiveCfg = Debug|Any CPU
		{081AAFA1-4179-4014-8AD2-DDAEDD940EB7}.Release|Any CPU.ActiveCfg = Release|Any CPU
		{081AAFA1-4179-4014-8AD2-DDAEDD940EB7}.Release|Any CPU.Build.0 = Release|Any CPU
		{081AAFA1-4179-4014-8AD2-DDAEDD940EB7}.Release|Mixed Platforms.ActiveCfg = Release|Any CPU
		{081AAFA1-4179-4014-8AD2-DDAEDD940EB7}.Release|Mixed Platforms.Build.0 = Release|Any CPU
		{081AAFA1-4179-4014-8AD2-DDAEDD940EB7}.Release|x86.ActiveCfg = Release|Any CPU
		{6A2C905D-9B60-4702-9ACA-B2EC63717385}.Debug|Any CPU.ActiveCfg = Debug|x86
		{6A2C905D-9B60-4702-9ACA-B2EC63717385}.Debug|Mixed Platforms.ActiveCfg = Debug|x86
		{6A2C905D-9B60-4702-9ACA-B2EC63717385}.Debug|Mixed Platforms.Build.0 = Debug|x86
		{6A2C905D-9B60-4702-9ACA-B2EC63717385}.Debug|x86.ActiveCfg = Debug|x86
		{6A2C905D-9B60-4702-9ACA-B2EC63717385}.Debug|x86.Build.0 = Debug|x86
		{6A2C905D-9B60-4702-9ACA-B2EC63717385}.Design|Any CPU.ActiveCfg = Debug|x86
		{6A2C905D-9B60-4702-9ACA-B2EC63717385}.Design|Mixed Platforms.ActiveCfg = Debug|x86
		{6A2C905D-9B60-4702-9ACA-B2EC63717385}.Design|Mixed Platforms.Build.0 = Debug|x86
		{6A2C905D-9B60-4702-9ACA-B2EC63717385}.Design|x86.ActiveCfg = Debug|x86
		{6A2C905D-9B60-4702-9ACA-B2EC63717385}.Design|x86.Build.0 = Debug|x86
		{6A2C905D-9B60-4702-9ACA-B2EC63717385}.Release|Any CPU.ActiveCfg = Release|x86
		{6A2C905D-9B60-4702-9ACA-B2EC63717385}.Release|Mixed Platforms.ActiveCfg = Release|x86
		{6A2C905D-9B60-4702-9ACA-B2EC63717385}.Release|Mixed Platforms.Build.0 = Release|x86
		{6A2C905D-9B60-4702-9ACA-B2EC63717385}.Release|x86.ActiveCfg = Release|x86
		{6A2C905D-9B60-4702-9ACA-B2EC63717385}.Release|x86.Build.0 = Release|x86
		{0858C710-AF53-4049-B98E-CFE3638D1228}.Debug|Any CPU.ActiveCfg = Debug|Any CPU
		{0858C710-AF53-4049-B98E-CFE3638D1228}.Debug|Any CPU.Build.0 = Debug|Any CPU
		{0858C710-AF53-4049-B98E-CFE3638D1228}.Debug|Mixed Platforms.ActiveCfg = Debug|Any CPU
		{0858C710-AF53-4049-B98E-CFE3638D1228}.Debug|Mixed Platforms.Build.0 = Debug|Any CPU
		{0858C710-AF53-4049-B98E-CFE3638D1228}.Debug|x86.ActiveCfg = Debug|Any CPU
		{0858C710-AF53-4049-B98E-CFE3638D1228}.Design|Any CPU.ActiveCfg = Design|Any CPU
		{0858C710-AF53-4049-B98E-CFE3638D1228}.Design|Any CPU.Build.0 = Design|Any CPU
		{0858C710-AF53-4049-B98E-CFE3638D1228}.Design|Mixed Platforms.ActiveCfg = Design|Any CPU
		{0858C710-AF53-4049-B98E-CFE3638D1228}.Design|Mixed Platforms.Build.0 = Design|Any CPU
		{0858C710-AF53-4049-B98E-CFE3638D1228}.Design|x86.ActiveCfg = Design|Any CPU
		{0858C710-AF53-4049-B98E-CFE3638D1228}.Release|Any CPU.ActiveCfg = Release|Any CPU
		{0858C710-AF53-4049-B98E-CFE3638D1228}.Release|Any CPU.Build.0 = Release|Any CPU
		{0858C710-AF53-4049-B98E-CFE3638D1228}.Release|Mixed Platforms.ActiveCfg = Release|Any CPU
		{0858C710-AF53-4049-B98E-CFE3638D1228}.Release|Mixed Platforms.Build.0 = Release|Any CPU
		{0858C710-AF53-4049-B98E-CFE3638D1228}.Release|x86.ActiveCfg = Release|Any CPU
		{BD20C610-01DD-48EC-96F4-5A3A1A1E688E}.Debug|Any CPU.ActiveCfg = Debug|Any CPU
		{BD20C610-01DD-48EC-96F4-5A3A1A1E688E}.Debug|Any CPU.Build.0 = Debug|Any CPU
		{BD20C610-01DD-48EC-96F4-5A3A1A1E688E}.Debug|Mixed Platforms.ActiveCfg = Debug|Any CPU
		{BD20C610-01DD-48EC-96F4-5A3A1A1E688E}.Debug|Mixed Platforms.Build.0 = Debug|Any CPU
		{BD20C610-01DD-48EC-96F4-5A3A1A1E688E}.Debug|x86.ActiveCfg = Debug|Any CPU
		{BD20C610-01DD-48EC-96F4-5A3A1A1E688E}.Design|Any CPU.ActiveCfg = Debug|Any CPU
		{BD20C610-01DD-48EC-96F4-5A3A1A1E688E}.Design|Any CPU.Build.0 = Debug|Any CPU
		{BD20C610-01DD-48EC-96F4-5A3A1A1E688E}.Design|Mixed Platforms.ActiveCfg = Debug|Any CPU
		{BD20C610-01DD-48EC-96F4-5A3A1A1E688E}.Design|Mixed Platforms.Build.0 = Debug|Any CPU
		{BD20C610-01DD-48EC-96F4-5A3A1A1E688E}.Design|x86.ActiveCfg = Debug|Any CPU
		{BD20C610-01DD-48EC-96F4-5A3A1A1E688E}.Release|Any CPU.ActiveCfg = Release|Any CPU
		{BD20C610-01DD-48EC-96F4-5A3A1A1E688E}.Release|Any CPU.Build.0 = Release|Any CPU
		{BD20C610-01DD-48EC-96F4-5A3A1A1E688E}.Release|Mixed Platforms.ActiveCfg = Release|Any CPU
		{BD20C610-01DD-48EC-96F4-5A3A1A1E688E}.Release|Mixed Platforms.Build.0 = Release|Any CPU
		{BD20C610-01DD-48EC-96F4-5A3A1A1E688E}.Release|x86.ActiveCfg = Release|Any CPU
		{FC40F14F-8090-4A18-8F4B-E5EFF2F84FD1}.Debug|Any CPU.ActiveCfg = Debug|Any CPU
		{FC40F14F-8090-4A18-8F4B-E5EFF2F84FD1}.Debug|Any CPU.Build.0 = Debug|Any CPU
		{FC40F14F-8090-4A18-8F4B-E5EFF2F84FD1}.Debug|Mixed Platforms.ActiveCfg = Debug|Any CPU
		{FC40F14F-8090-4A18-8F4B-E5EFF2F84FD1}.Debug|Mixed Platforms.Build.0 = Debug|Any CPU
		{FC40F14F-8090-4A18-8F4B-E5EFF2F84FD1}.Debug|x86.ActiveCfg = Debug|Any CPU
		{FC40F14F-8090-4A18-8F4B-E5EFF2F84FD1}.Design|Any CPU.ActiveCfg = Debug|Any CPU
		{FC40F14F-8090-4A18-8F4B-E5EFF2F84FD1}.Design|Any CPU.Build.0 = Debug|Any CPU
		{FC40F14F-8090-4A18-8F4B-E5EFF2F84FD1}.Design|Mixed Platforms.ActiveCfg = Debug|Any CPU
		{FC40F14F-8090-4A18-8F4B-E5EFF2F84FD1}.Design|Mixed Platforms.Build.0 = Debug|Any CPU
		{FC40F14F-8090-4A18-8F4B-E5EFF2F84FD1}.Design|x86.ActiveCfg = Debug|Any CPU
		{FC40F14F-8090-4A18-8F4B-E5EFF2F84FD1}.Release|Any CPU.ActiveCfg = Release|Any CPU
		{FC40F14F-8090-4A18-8F4B-E5EFF2F84FD1}.Release|Any CPU.Build.0 = Release|Any CPU
		{FC40F14F-8090-4A18-8F4B-E5EFF2F84FD1}.Release|Mixed Platforms.ActiveCfg = Release|Any CPU
		{FC40F14F-8090-4A18-8F4B-E5EFF2F84FD1}.Release|Mixed Platforms.Build.0 = Release|Any CPU
		{FC40F14F-8090-4A18-8F4B-E5EFF2F84FD1}.Release|x86.ActiveCfg = Release|Any CPU
		{E07FF00A-1320-4FE9-8BB6-090557CD78C0}.Debug|Any CPU.ActiveCfg = Debug|Any CPU
		{E07FF00A-1320-4FE9-8BB6-090557CD78C0}.Debug|Any CPU.Build.0 = Debug|Any CPU
		{E07FF00A-1320-4FE9-8BB6-090557CD78C0}.Debug|Mixed Platforms.ActiveCfg = Debug|Any CPU
		{E07FF00A-1320-4FE9-8BB6-090557CD78C0}.Debug|Mixed Platforms.Build.0 = Debug|Any CPU
		{E07FF00A-1320-4FE9-8BB6-090557CD78C0}.Debug|x86.ActiveCfg = Debug|Any CPU
		{E07FF00A-1320-4FE9-8BB6-090557CD78C0}.Design|Any CPU.ActiveCfg = Debug|Any CPU
		{E07FF00A-1320-4FE9-8BB6-090557CD78C0}.Design|Any CPU.Build.0 = Debug|Any CPU
		{E07FF00A-1320-4FE9-8BB6-090557CD78C0}.Design|Mixed Platforms.ActiveCfg = Debug|Any CPU
		{E07FF00A-1320-4FE9-8BB6-090557CD78C0}.Design|Mixed Platforms.Build.0 = Debug|Any CPU
		{E07FF00A-1320-4FE9-8BB6-090557CD78C0}.Design|x86.ActiveCfg = Debug|Any CPU
		{E07FF00A-1320-4FE9-8BB6-090557CD78C0}.Release|Any CPU.ActiveCfg = Release|Any CPU
		{E07FF00A-1320-4FE9-8BB6-090557CD78C0}.Release|Any CPU.Build.0 = Release|Any CPU
		{E07FF00A-1320-4FE9-8BB6-090557CD78C0}.Release|Mixed Platforms.ActiveCfg = Release|Any CPU
		{E07FF00A-1320-4FE9-8BB6-090557CD78C0}.Release|Mixed Platforms.Build.0 = Release|Any CPU
		{E07FF00A-1320-4FE9-8BB6-090557CD78C0}.Release|x86.ActiveCfg = Release|Any CPU
		{C20DD05D-38FE-40E2-BA82-1EA59B7E5381}.Debug|Any CPU.ActiveCfg = Debug|Any CPU
		{C20DD05D-38FE-40E2-BA82-1EA59B7E5381}.Debug|Any CPU.Build.0 = Debug|Any CPU
		{C20DD05D-38FE-40E2-BA82-1EA59B7E5381}.Debug|Mixed Platforms.ActiveCfg = Debug|Any CPU
		{C20DD05D-38FE-40E2-BA82-1EA59B7E5381}.Debug|Mixed Platforms.Build.0 = Debug|Any CPU
		{C20DD05D-38FE-40E2-BA82-1EA59B7E5381}.Debug|x86.ActiveCfg = Debug|Any CPU
		{C20DD05D-38FE-40E2-BA82-1EA59B7E5381}.Design|Any CPU.ActiveCfg = Debug|Any CPU
		{C20DD05D-38FE-40E2-BA82-1EA59B7E5381}.Design|Any CPU.Build.0 = Debug|Any CPU
		{C20DD05D-38FE-40E2-BA82-1EA59B7E5381}.Design|Mixed Platforms.ActiveCfg = Debug|Any CPU
		{C20DD05D-38FE-40E2-BA82-1EA59B7E5381}.Design|Mixed Platforms.Build.0 = Debug|Any CPU
		{C20DD05D-38FE-40E2-BA82-1EA59B7E5381}.Design|x86.ActiveCfg = Debug|Any CPU
		{C20DD05D-38FE-40E2-BA82-1EA59B7E5381}.Release|Any CPU.ActiveCfg = Release|Any CPU
		{C20DD05D-38FE-40E2-BA82-1EA59B7E5381}.Release|Any CPU.Build.0 = Release|Any CPU
		{C20DD05D-38FE-40E2-BA82-1EA59B7E5381}.Release|Mixed Platforms.ActiveCfg = Release|Any CPU
		{C20DD05D-38FE-40E2-BA82-1EA59B7E5381}.Release|Mixed Platforms.Build.0 = Release|Any CPU
		{C20DD05D-38FE-40E2-BA82-1EA59B7E5381}.Release|x86.ActiveCfg = Release|Any CPU
		{2E83FB7A-F7DD-4B5E-87FF-1CB3AE7CE843}.Debug|Any CPU.ActiveCfg = Debug|Any CPU
		{2E83FB7A-F7DD-4B5E-87FF-1CB3AE7CE843}.Debug|Any CPU.Build.0 = Debug|Any CPU
		{2E83FB7A-F7DD-4B5E-87FF-1CB3AE7CE843}.Debug|Mixed Platforms.ActiveCfg = Debug|Any CPU
		{2E83FB7A-F7DD-4B5E-87FF-1CB3AE7CE843}.Debug|Mixed Platforms.Build.0 = Debug|Any CPU
		{2E83FB7A-F7DD-4B5E-87FF-1CB3AE7CE843}.Debug|x86.ActiveCfg = Debug|Any CPU
		{2E83FB7A-F7DD-4B5E-87FF-1CB3AE7CE843}.Design|Any CPU.ActiveCfg = Debug|Any CPU
		{2E83FB7A-F7DD-4B5E-87FF-1CB3AE7CE843}.Design|Any CPU.Build.0 = Debug|Any CPU
		{2E83FB7A-F7DD-4B5E-87FF-1CB3AE7CE843}.Design|Mixed Platforms.ActiveCfg = Debug|Any CPU
		{2E83FB7A-F7DD-4B5E-87FF-1CB3AE7CE843}.Design|Mixed Platforms.Build.0 = Debug|Any CPU
		{2E83FB7A-F7DD-4B5E-87FF-1CB3AE7CE843}.Design|x86.ActiveCfg = Debug|Any CPU
		{2E83FB7A-F7DD-4B5E-87FF-1CB3AE7CE843}.Release|Any CPU.ActiveCfg = Release|Any CPU
		{2E83FB7A-F7DD-4B5E-87FF-1CB3AE7CE843}.Release|Any CPU.Build.0 = Release|Any CPU
		{2E83FB7A-F7DD-4B5E-87FF-1CB3AE7CE843}.Release|Mixed Platforms.ActiveCfg = Release|Any CPU
		{2E83FB7A-F7DD-4B5E-87FF-1CB3AE7CE843}.Release|Mixed Platforms.Build.0 = Release|Any CPU
		{2E83FB7A-F7DD-4B5E-87FF-1CB3AE7CE843}.Release|x86.ActiveCfg = Release|Any CPU
		{F6A1097A-8BC0-4FB3-95A8-E49AF630A6FB}.Debug|Any CPU.ActiveCfg = Debug|Any CPU
		{F6A1097A-8BC0-4FB3-95A8-E49AF630A6FB}.Debug|Any CPU.Build.0 = Debug|Any CPU
		{F6A1097A-8BC0-4FB3-95A8-E49AF630A6FB}.Debug|Mixed Platforms.ActiveCfg = Debug|Any CPU
		{F6A1097A-8BC0-4FB3-95A8-E49AF630A6FB}.Debug|Mixed Platforms.Build.0 = Debug|Any CPU
		{F6A1097A-8BC0-4FB3-95A8-E49AF630A6FB}.Debug|x86.ActiveCfg = Debug|Any CPU
		{F6A1097A-8BC0-4FB3-95A8-E49AF630A6FB}.Design|Any CPU.ActiveCfg = Debug|Any CPU
		{F6A1097A-8BC0-4FB3-95A8-E49AF630A6FB}.Design|Any CPU.Build.0 = Debug|Any CPU
		{F6A1097A-8BC0-4FB3-95A8-E49AF630A6FB}.Design|Mixed Platforms.ActiveCfg = Debug|Any CPU
		{F6A1097A-8BC0-4FB3-95A8-E49AF630A6FB}.Design|Mixed Platforms.Build.0 = Debug|Any CPU
		{F6A1097A-8BC0-4FB3-95A8-E49AF630A6FB}.Design|x86.ActiveCfg = Debug|Any CPU
		{F6A1097A-8BC0-4FB3-95A8-E49AF630A6FB}.Release|Any CPU.ActiveCfg = Release|Any CPU
		{F6A1097A-8BC0-4FB3-95A8-E49AF630A6FB}.Release|Any CPU.Build.0 = Release|Any CPU
		{F6A1097A-8BC0-4FB3-95A8-E49AF630A6FB}.Release|Mixed Platforms.ActiveCfg = Release|Any CPU
		{F6A1097A-8BC0-4FB3-95A8-E49AF630A6FB}.Release|Mixed Platforms.Build.0 = Release|Any CPU
		{F6A1097A-8BC0-4FB3-95A8-E49AF630A6FB}.Release|x86.ActiveCfg = Release|Any CPU
	EndGlobalSection
	GlobalSection(SolutionProperties) = preSolution
		HideSolutionNode = FALSE
	EndGlobalSection
	GlobalSection(NestedProjects) = preSolution
		{C7B24C10-1DC8-4BD4-AD9B-A73B6B4426EF} = {E99A92D6-BE4F-4F3F-A143-89F42AB73919}
		{FCEE531A-FABF-4F91-92C9-9BDE4931F14E} = {E99A92D6-BE4F-4F3F-A143-89F42AB73919}
		{FC4CE657-A4D9-4350-8ABC-CC802AB0D2DC} = {E99A92D6-BE4F-4F3F-A143-89F42AB73919}
		{CB361C42-BD99-4EDF-9360-8D932AB3F0F1} = {E99A92D6-BE4F-4F3F-A143-89F42AB73919}
		{6A2C905D-9B60-4702-9ACA-B2EC63717385} = {E99A92D6-BE4F-4F3F-A143-89F42AB73919}
		{BD20C610-01DD-48EC-96F4-5A3A1A1E688E} = {E99A92D6-BE4F-4F3F-A143-89F42AB73919}
		{FC40F14F-8090-4A18-8F4B-E5EFF2F84FD1} = {E99A92D6-BE4F-4F3F-A143-89F42AB73919}
		{E07FF00A-1320-4FE9-8BB6-090557CD78C0} = {E99A92D6-BE4F-4F3F-A143-89F42AB73919}
		{4C858208-3CAE-4758-AE0E-084176C125FB} = {D6C80CA0-BA9F-40CF-8910-4A3867F39E96}
		{081AAFA1-4179-4014-8AD2-DDAEDD940EB7} = {D6C80CA0-BA9F-40CF-8910-4A3867F39E96}
		{E50888C7-FC97-4066-9346-4135F1BCB86E} = {F57D3801-2CB9-4362-B498-BE291A807123}
		{3E767C4F-0C00-4F73-B9DB-8002EFD2F9E5} = {F57D3801-2CB9-4362-B498-BE291A807123}
		{8409E0A7-C51A-4B98-81E7-03B34419FDBB} = {F57D3801-2CB9-4362-B498-BE291A807123}
		{3318342E-F164-4172-A0E4-5443D16C98B7} = {F57D3801-2CB9-4362-B498-BE291A807123}
		{2E83FB7A-F7DD-4B5E-87FF-1CB3AE7CE843} = {ECE2C1F6-F48D-4715-B858-D7EA3BAD26E2}
		{F6A1097A-8BC0-4FB3-95A8-E49AF630A6FB} = {ECE2C1F6-F48D-4715-B858-D7EA3BAD26E2}
	EndGlobalSection
EndGlobal
